// !$*UTF8*$!
{
	archiveVersion = 1;
	classes = {
	};
	objectVersion = 46;
	objects = {

/* Begin PBXBuildFile section */
		630D71921E4033CA00555EC8 /* PlantInformationCellView.swift in Sources */ = {isa = PBXBuildFile; fileRef = 630D71911E4033CA00555EC8 /* PlantInformationCellView.swift */; };
		630F726F1E41907800ADE9EA /* ActivityMonth.swift in Sources */ = {isa = PBXBuildFile; fileRef = 630F726E1E41907800ADE9EA /* ActivityMonth.swift */; };
		639724ED1E3EF92200E3594D /* AppDelegate.swift in Sources */ = {isa = PBXBuildFile; fileRef = 639724EC1E3EF92200E3594D /* AppDelegate.swift */; };
		639724EF1E3EF92200E3594D /* PropertyView.swift in Sources */ = {isa = PBXBuildFile; fileRef = 639724EE1E3EF92200E3594D /* PropertyView.swift */; };
		639724F21E3EF92200E3594D /* Main.storyboard in Resources */ = {isa = PBXBuildFile; fileRef = 639724F01E3EF92200E3594D /* Main.storyboard */; };
		639724F41E3EF92200E3594D /* Assets.xcassets in Resources */ = {isa = PBXBuildFile; fileRef = 639724F31E3EF92200E3594D /* Assets.xcassets */; };
		639724F71E3EF92200E3594D /* LaunchScreen.storyboard in Resources */ = {isa = PBXBuildFile; fileRef = 639724F51E3EF92200E3594D /* LaunchScreen.storyboard */; };
		639724FF1E3EFA7D00E3594D /* Style.swift in Sources */ = {isa = PBXBuildFile; fileRef = 639724FE1E3EFA7D00E3594D /* Style.swift */; };
		639725011E3EFAAE00E3594D /* Style+MyApp.swift in Sources */ = {isa = PBXBuildFile; fileRef = 639725001E3EFAAE00E3594D /* Style+MyApp.swift */; };
		639725031E3F06F300E3594D /* Extensions.swift in Sources */ = {isa = PBXBuildFile; fileRef = 639725021E3F06F300E3594D /* Extensions.swift */; };
/* End PBXBuildFile section */

/* Begin PBXFileReference section */
		630D71911E4033CA00555EC8 /* PlantInformationCellView.swift */ = {isa = PBXFileReference; fileEncoding = 4; lastKnownFileType = sourcecode.swift; path = PlantInformationCellView.swift; sourceTree = "<group>"; };
		630F726E1E41907800ADE9EA /* ActivityMonth.swift */ = {isa = PBXFileReference; fileEncoding = 4; lastKnownFileType = sourcecode.swift; path = ActivityMonth.swift; sourceTree = "<group>"; };
		639724E91E3EF92200E3594D /* PlantCat.app */ = {isa = PBXFileReference; explicitFileType = wrapper.application; includeInIndex = 0; path = PlantCat.app; sourceTree = BUILT_PRODUCTS_DIR; };
		639724EC1E3EF92200E3594D /* AppDelegate.swift */ = {isa = PBXFileReference; lastKnownFileType = sourcecode.swift; path = AppDelegate.swift; sourceTree = "<group>"; };
		639724EE1E3EF92200E3594D /* PropertyView.swift */ = {isa = PBXFileReference; lastKnownFileType = sourcecode.swift; path = PropertyView.swift; sourceTree = "<group>"; };
		639724F11E3EF92200E3594D /* Base */ = {isa = PBXFileReference; lastKnownFileType = file.storyboard; name = Base; path = Base.lproj/Main.storyboard; sourceTree = "<group>"; };
		639724F31E3EF92200E3594D /* Assets.xcassets */ = {isa = PBXFileReference; lastKnownFileType = folder.assetcatalog; path = Assets.xcassets; sourceTree = "<group>"; };
		639724F61E3EF92200E3594D /* Base */ = {isa = PBXFileReference; lastKnownFileType = file.storyboard; name = Base; path = Base.lproj/LaunchScreen.storyboard; sourceTree = "<group>"; };
		639724F81E3EF92200E3594D /* Info.plist */ = {isa = PBXFileReference; lastKnownFileType = text.plist.xml; path = Info.plist; sourceTree = "<group>"; };
		639724FE1E3EFA7D00E3594D /* Style.swift */ = {isa = PBXFileReference; fileEncoding = 4; lastKnownFileType = sourcecode.swift; path = Style.swift; sourceTree = "<group>"; };
		639725001E3EFAAE00E3594D /* Style+MyApp.swift */ = {isa = PBXFileReference; fileEncoding = 4; lastKnownFileType = sourcecode.swift; name = "Style+MyApp.swift"; path = "../Style+MyApp.swift"; sourceTree = "<group>"; };
		639725021E3F06F300E3594D /* Extensions.swift */ = {isa = PBXFileReference; fileEncoding = 4; lastKnownFileType = sourcecode.swift; path = Extensions.swift; sourceTree = "<group>"; };
/* End PBXFileReference section */

/* Begin PBXFrameworksBuildPhase section */
		639724E61E3EF92200E3594D /* Frameworks */ = {
			isa = PBXFrameworksBuildPhase;
			buildActionMask = 2147483647;
			files = (
			);
			runOnlyForDeploymentPostprocessing = 0;
		};
/* End PBXFrameworksBuildPhase section */

/* Begin PBXGroup section */
		630D718F1E4024F400555EC8 /* Extensions */ = {
			isa = PBXGroup;
			children = (
				639724FE1E3EFA7D00E3594D /* Style.swift */,
			);
			name = Extensions;
			sourceTree = "<group>";
		};
		630D71901E40251F00555EC8 /* View */ = {
			isa = PBXGroup;
			children = (
				639724EE1E3EF92200E3594D /* PropertyView.swift */,
				630D71911E4033CA00555EC8 /* PlantInformationCellView.swift */,
				630F726E1E41907800ADE9EA /* ActivityMonth.swift */,
			);
			name = View;
			sourceTree = "<group>";
		};
		639724E01E3EF92200E3594D = {
			isa = PBXGroup;
			children = (
				639724EB1E3EF92200E3594D /* PlantCatalogue */,
				639724EA1E3EF92200E3594D /* Products */,
			);
			sourceTree = "<group>";
		};
		639724EA1E3EF92200E3594D /* Products */ = {
			isa = PBXGroup;
			children = (
				639724E91E3EF92200E3594D /* PlantCat.app */,
			);
			name = Products;
			sourceTree = "<group>";
		};
		639724EB1E3EF92200E3594D /* PlantCatalogue */ = {
			isa = PBXGroup;
			children = (
				630D71901E40251F00555EC8 /* View */,
				639724EC1E3EF92200E3594D /* AppDelegate.swift */,
				639725001E3EFAAE00E3594D /* Style+MyApp.swift */,
				639724F01E3EF92200E3594D /* Main.storyboard */,
				630D718F1E4024F400555EC8 /* Extensions */,
				639724F31E3EF92200E3594D /* Assets.xcassets */,
				639724F51E3EF92200E3594D /* LaunchScreen.storyboard */,
				639724F81E3EF92200E3594D /* Info.plist */,
				639725021E3F06F300E3594D /* Extensions.swift */,
			);
			path = PlantCatalogue;
			sourceTree = "<group>";
		};
/* End PBXGroup section */

/* Begin PBXNativeTarget section */
		639724E81E3EF92200E3594D /* PlantCat */ = {
			isa = PBXNativeTarget;
			buildConfigurationList = 639724FB1E3EF92200E3594D /* Build configuration list for PBXNativeTarget "PlantCat" */;
			buildPhases = (
				639724E51E3EF92200E3594D /* Sources */,
				639724E61E3EF92200E3594D /* Frameworks */,
				639724E71E3EF92200E3594D /* Resources */,
			);
			buildRules = (
			);
			dependencies = (
			);
			name = PlantCat;
			productName = PlantCatalogue;
			productReference = 639724E91E3EF92200E3594D /* PlantCat.app */;
			productType = "com.apple.product-type.application";
		};
/* End PBXNativeTarget section */

/* Begin PBXProject section */
		639724E11E3EF92200E3594D /* Project object */ = {
			isa = PBXProject;
			attributes = {
				LastSwiftUpdateCheck = 0820;
				LastUpgradeCheck = 0820;
				ORGANIZATIONNAME = David;
				TargetAttributes = {
					639724E81E3EF92200E3594D = {
						CreatedOnToolsVersion = 8.2.1;
						ProvisioningStyle = Automatic;
					};
				};
			};
			buildConfigurationList = 639724E41E3EF92200E3594D /* Build configuration list for PBXProject "PlantCat" */;
			compatibilityVersion = "Xcode 3.2";
			developmentRegion = English;
			hasScannedForEncodings = 0;
			knownRegions = (
				en,
				Base,
			);
			mainGroup = 639724E01E3EF92200E3594D;
			productRefGroup = 639724EA1E3EF92200E3594D /* Products */;
			projectDirPath = "";
			projectRoot = "";
			targets = (
				639724E81E3EF92200E3594D /* PlantCat */,
			);
		};
/* End PBXProject section */

/* Begin PBXResourcesBuildPhase section */
		639724E71E3EF92200E3594D /* Resources */ = {
			isa = PBXResourcesBuildPhase;
			buildActionMask = 2147483647;
			files = (
				639724F71E3EF92200E3594D /* LaunchScreen.storyboard in Resources */,
				639724F41E3EF92200E3594D /* Assets.xcassets in Resources */,
				639724F21E3EF92200E3594D /* Main.storyboard in Resources */,
			);
			runOnlyForDeploymentPostprocessing = 0;
		};
/* End PBXResourcesBuildPhase section */

/* Begin PBXSourcesBuildPhase section */
		639724E51E3EF92200E3594D /* Sources */ = {
			isa = PBXSourcesBuildPhase;
			buildActionMask = 2147483647;
			files = (
				630F726F1E41907800ADE9EA /* ActivityMonth.swift in Sources */,
				639725031E3F06F300E3594D /* Extensions.swift in Sources */,
				639724EF1E3EF92200E3594D /* PropertyView.swift in Sources */,
				639724FF1E3EFA7D00E3594D /* Style.swift in Sources */,
				639724ED1E3EF92200E3594D /* AppDelegate.swift in Sources */,
				639725011E3EFAAE00E3594D /* Style+MyApp.swift in Sources */,
				630D71921E4033CA00555EC8 /* PlantInformationCellView.swift in Sources */,
			);
			runOnlyForDeploymentPostprocessing = 0;
		};
/* End PBXSourcesBuildPhase section */

/* Begin PBXVariantGroup section */
		639724F01E3EF92200E3594D /* Main.storyboard */ = {
			isa = PBXVariantGroup;
			children = (
				639724F11E3EF92200E3594D /* Base */,
			);
			name = Main.storyboard;
			sourceTree = "<group>";
		};
		639724F51E3EF92200E3594D /* LaunchScreen.storyboard */ = {
			isa = PBXVariantGroup;
			children = (
				639724F61E3EF92200E3594D /* Base */,
			);
			name = LaunchScreen.storyboard;
			sourceTree = "<group>";
		};
/* End PBXVariantGroup section */

/* Begin XCBuildConfiguration section */
		639724F91E3EF92200E3594D /* Debug */ = {
			isa = XCBuildConfiguration;
			buildSettings = {
				ALWAYS_SEARCH_USER_PATHS = NO;
				CLANG_ANALYZER_NONNULL = YES;
				CLANG_CXX_LANGUAGE_STANDARD = "gnu++0x";
				CLANG_CXX_LIBRARY = "libc++";
				CLANG_ENABLE_MODULES = YES;
				CLANG_ENABLE_OBJC_ARC = YES;
				CLANG_WARN_BOOL_CONVERSION = YES;
				CLANG_WARN_CONSTANT_CONVERSION = YES;
				CLANG_WARN_DIRECT_OBJC_ISA_USAGE = YES_ERROR;
				CLANG_WARN_DOCUMENTATION_COMMENTS = YES;
				CLANG_WARN_EMPTY_BODY = YES;
				CLANG_WARN_ENUM_CONVERSION = YES;
				CLANG_WARN_INFINITE_RECURSION = YES;
				CLANG_WARN_INT_CONVERSION = YES;
				CLANG_WARN_OBJC_ROOT_CLASS = YES_ERROR;
				CLANG_WARN_SUSPICIOUS_MOVE = YES;
				CLANG_WARN_UNREACHABLE_CODE = YES;
				CLANG_WARN__DUPLICATE_METHOD_MATCH = YES;
				"CODE_SIGN_IDENTITY[sdk=iphoneos*]" = "iPhone Developer";
				COPY_PHASE_STRIP = NO;
				DEBUG_INFORMATION_FORMAT = dwarf;
				ENABLE_STRICT_OBJC_MSGSEND = YES;
				ENABLE_TESTABILITY = YES;
				GCC_C_LANGUAGE_STANDARD = gnu99;
				GCC_DYNAMIC_NO_PIC = NO;
				GCC_NO_COMMON_BLOCKS = YES;
				GCC_OPTIMIZATION_LEVEL = 0;
				GCC_PREPROCESSOR_DEFINITIONS = (
					"DEBUG=1",
					"$(inherited)",
				);
				GCC_WARN_64_TO_32_BIT_CONVERSION = YES;
				GCC_WARN_ABOUT_RETURN_TYPE = YES_ERROR;
				GCC_WARN_UNDECLARED_SELECTOR = YES;
				GCC_WARN_UNINITIALIZED_AUTOS = YES_AGGRESSIVE;
				GCC_WARN_UNUSED_FUNCTION = YES;
				GCC_WARN_UNUSED_VARIABLE = YES;
				IPHONEOS_DEPLOYMENT_TARGET = 10.2;
				MTL_ENABLE_DEBUG_INFO = YES;
				ONLY_ACTIVE_ARCH = YES;
				SDKROOT = iphoneos;
				SWIFT_ACTIVE_COMPILATION_CONDITIONS = DEBUG;
				SWIFT_OPTIMIZATION_LEVEL = "-Onone";
				TARGETED_DEVICE_FAMILY = "1,2";
			};
			name = Debug;
		};
		639724FA1E3EF92200E3594D /* Release */ = {
			isa = XCBuildConfiguration;
			buildSettings = {
				ALWAYS_SEARCH_USER_PATHS = NO;
				CLANG_ANALYZER_NONNULL = YES;
				CLANG_CXX_LANGUAGE_STANDARD = "gnu++0x";
				CLANG_CXX_LIBRARY = "libc++";
				CLANG_ENABLE_MODULES = YES;
				CLANG_ENABLE_OBJC_ARC = YES;
				CLANG_WARN_BOOL_CONVERSION = YES;
				CLANG_WARN_CONSTANT_CONVERSION = YES;
				CLANG_WARN_DIRECT_OBJC_ISA_USAGE = YES_ERROR;
				CLANG_WARN_DOCUMENTATION_COMMENTS = YES;
				CLANG_WARN_EMPTY_BODY = YES;
				CLANG_WARN_ENUM_CONVERSION = YES;
				CLANG_WARN_INFINITE_RECURSION = YES;
				CLANG_WARN_INT_CONVERSION = YES;
				CLANG_WARN_OBJC_ROOT_CLASS = YES_ERROR;
				CLANG_WARN_SUSPICIOUS_MOVE = YES;
				CLANG_WARN_UNREACHABLE_CODE = YES;
				CLANG_WARN__DUPLICATE_METHOD_MATCH = YES;
				"CODE_SIGN_IDENTITY[sdk=iphoneos*]" = "iPhone Developer";
				COPY_PHASE_STRIP = NO;
				DEBUG_INFORMATION_FORMAT = "dwarf-with-dsym";
				ENABLE_NS_ASSERTIONS = NO;
				ENABLE_STRICT_OBJC_MSGSEND = YES;
				GCC_C_LANGUAGE_STANDARD = gnu99;
				GCC_NO_COMMON_BLOCKS = YES;
				GCC_WARN_64_TO_32_BIT_CONVERSION = YES;
				GCC_WARN_ABOUT_RETURN_TYPE = YES_ERROR;
				GCC_WARN_UNDECLARED_SELECTOR = YES;
				GCC_WARN_UNINITIALIZED_AUTOS = YES_AGGRESSIVE;
				GCC_WARN_UNUSED_FUNCTION = YES;
				GCC_WARN_UNUSED_VARIABLE = YES;
				IPHONEOS_DEPLOYMENT_TARGET = 10.2;
				MTL_ENABLE_DEBUG_INFO = NO;
				SDKROOT = iphoneos;
				SWIFT_OPTIMIZATION_LEVEL = "-Owholemodule";
				TARGETED_DEVICE_FAMILY = "1,2";
				VALIDATE_PRODUCT = YES;
			};
			name = Release;
		};
		639724FC1E3EF92200E3594D /* Debug */ = {
			isa = XCBuildConfiguration;
			buildSettings = {
				ASSETCATALOG_COMPILER_APPICON_NAME = AppIcon;
				INFOPLIST_FILE = PlantCatalogue/Info.plist;
				LD_RUNPATH_SEARCH_PATHS = "$(inherited) @executable_path/Frameworks";
				PRODUCT_BUNDLE_IDENTIFIER = com.PermaculturePower.PlantCat;
				PRODUCT_NAME = "$(TARGET_NAME)";
				SWIFT_VERSION = 3.0;
			};
			name = Debug;
		};
		639724FD1E3EF92200E3594D /* Release */ = {
			isa = XCBuildConfiguration;
			buildSettings = {
				ASSETCATALOG_COMPILER_APPICON_NAME = AppIcon;
				INFOPLIST_FILE = PlantCatalogue/Info.plist;
				LD_RUNPATH_SEARCH_PATHS = "$(inherited) @executable_path/Frameworks";
				PRODUCT_BUNDLE_IDENTIFIER = com.PermaculturePower.PlantCat;
				PRODUCT_NAME = "$(TARGET_NAME)";
				SWIFT_VERSION = 3.0;
			};
			name = Release;
		};
/* End XCBuildConfiguration section */

/* Begin XCConfigurationList section */
		639724E41E3EF92200E3594D /* Build configuration list for PBXProject "PlantCat" */ = {
			isa = XCConfigurationList;
			buildConfigurations = (
				639724F91E3EF92200E3594D /* Debug */,
				639724FA1E3EF92200E3594D /* Release */,
			);
			defaultConfigurationIsVisible = 0;
			defaultConfigurationName = Release;
		};
		639724FB1E3EF92200E3594D /* Build configuration list for PBXNativeTarget "PlantCat" */ = {
			isa = XCConfigurationList;
			buildConfigurations = (
				639724FC1E3EF92200E3594D /* Debug */,
				639724FD1E3EF92200E3594D /* Release */,
			);
			defaultConfigurationIsVisible = 0;
			defaultConfigurationName = Release;
		};
/* End XCConfigurationList section */
	};
	rootObject = 639724E11E3EF92200E3594D /* Project object */;
}
